
Microsoft Visual Studio Solution File, Format Version 12.00
# Visual Studio Version 17
VisualStudioVersion = 17.13.35931.197
MinimumVisualStudioVersion = 10.0.40219.1
Project("{FAE04EC0-301F-11D3-BF4B-00C04F79EFBC}") = "Ej1", "Ej1\Ej1.csproj", "{833AC937-E7E8-4921-ACD3-C9B63E9A08AA}"
EndProject
Project("{FAE04EC0-301F-11D3-BF4B-00C04F79EFBC}") = "Ej2", "Ej2\Ej2.csproj", "{44D24D1D-0A55-4AF1-BE8E-85F0C66939AA}"
EndProject
Global
	GlobalSection(SolutionConfigurationPlatforms) = preSolution
		Debug|Any CPU = Debug|Any CPU
		Release|Any CPU = Release|Any CPU
	EndGlobalSection
	GlobalSection(ProjectConfigurationPlatforms) = postSolution
		{833AC937-E7E8-4921-ACD3-C9B63E9A08AA}.Debug|Any CPU.ActiveCfg = Debug|Any CPU
		{833AC937-E7E8-4921-ACD3-C9B63E9A08AA}.Debug|Any CPU.Build.0 = Debug|Any CPU
		{833AC937-E7E8-4921-ACD3-C9B63E9A08AA}.Release|Any CPU.ActiveCfg = Release|Any CPU
		{833AC937-E7E8-4921-ACD3-C9B63E9A08AA}.Release|Any CPU.Build.0 = Release|Any CPU
		{44D24D1D-0A55-4AF1-BE8E-85F0C66939AA}.Debug|Any CPU.ActiveCfg = Debug|Any CPU
		{44D24D1D-0A55-4AF1-BE8E-85F0C66939AA}.Debug|Any CPU.Build.0 = Debug|Any CPU
		{44D24D1D-0A55-4AF1-BE8E-85F0C66939AA}.Release|Any CPU.ActiveCfg = Release|Any CPU
		{44D24D1D-0A55-4AF1-BE8E-85F0C66939AA}.Release|Any CPU.Build.0 = Release|Any CPU
	EndGlobalSection
	GlobalSection(SolutionProperties) = preSolution
		HideSolutionNode = FALSE
	EndGlobalSection
	GlobalSection(ExtensibilityGlobals) = postSolution
		SolutionGuid = {2D4BD714-B723-422D-99C9-1485D1CAB87C}
	EndGlobalSection
EndGlobal
